
Microsoft Visual Studio Solution File, Format Version 12.00
# Visual Studio Version 16
VisualStudioVersion = 16.0.30611.23
MinimumVisualStudioVersion = 10.0.40219.1
Project("{2150E333-8FDC-42A3-9474-1A3956D46DE8}") = "1 - Presentation", "1 - Presentation", "{C9887ABE-86F3-4972-9CC0-AB00D73E844C}"
EndProject
Project("{2150E333-8FDC-42A3-9474-1A3956D46DE8}") = "2 - Services", "2 - Services", "{BB8DB26E-4B14-4667-89E1-14357069968E}"
EndProject
Project("{2150E333-8FDC-42A3-9474-1A3956D46DE8}") = "3 - Application", "3 - Application", "{956E4950-FA6A-4EA6-9304-25B43CB901D9}"
EndProject
Project("{2150E333-8FDC-42A3-9474-1A3956D46DE8}") = "4 - Domain", "4 - Domain", "{153C294F-4660-4104-B58A-F8A6F9D659FA}"
EndProject
Project("{2150E333-8FDC-42A3-9474-1A3956D46DE8}") = "5 - Infra", "5 - Infra", "{CC5F1534-D3E1-482E-A727-38C68A13AF83}"
EndProject
Project("{2150E333-8FDC-42A3-9474-1A3956D46DE8}") = "6 - Tests", "6 - Tests", "{B4ED50DE-E0C9-4477-9FDB-0A0ACF9D0A17}"
EndProject
Project("{9A19103F-16F7-4668-BE54-9A1E7A4F7556}") = "UserCQRS.Domain", "UserCQRS.Domain\UserCQRS.Domain.csproj", "{660513C3-2489-40FB-A12D-676F3A23E4A6}"
EndProject
Project("{2150E333-8FDC-42A3-9474-1A3956D46DE8}") = "5.1 - Data", "5.1 - Data", "{207F411B-6910-4F8B-90FA-E23FCF26C25D}"
EndProject
Project("{9A19103F-16F7-4668-BE54-9A1E7A4F7556}") = "UserCQRS.Infra.Data.EF", "UserCQRS.Infra.Data\UserCQRS.Infra.Data.EF.csproj", "{DB71E4E2-2641-4987-AE4D-815394626D52}"
EndProject
Project("{9A19103F-16F7-4668-BE54-9A1E7A4F7556}") = "UserCQRS.Application", "UserCQRS.Application\UserCQRS.Application.csproj", "{B4F7C0F4-3E74-4B7B-A4B3-5917E65742FF}"
EndProject
Project("{9A19103F-16F7-4668-BE54-9A1E7A4F7556}") = "UserCQRS.Api", "UserCQRS.Api\UserCQRS.Api.csproj", "{97B7A0D7-58A6-4EF8-A743-EBFFAC8200E0}"
EndProject
Project("{9A19103F-16F7-4668-BE54-9A1E7A4F7556}") = "UserCQRS.Infra.Data.Dapper", "UserCQRS.Infra.Data.Dapper\UserCQRS.Infra.Data.Dapper.csproj", "{5DECB445-261B-4CFE-BEA7-2A7250AF447A}"
EndProject
Project("{9A19103F-16F7-4668-BE54-9A1E7A4F7556}") = "UserCQRS.Tests", "UserCQRS.Tests\UserCQRS.Tests.csproj", "{F34521C5-3E84-4750-8317-4FCC8FFA4B50}"
EndProject
Project("{FAE04EC0-301F-11D3-BF4B-00C04F79EFBC}") = "UserCQRS.xUnitTest", "UserCQRS.xUnitTest\UserCQRS.xUnitTest.csproj", "{C436416A-8750-4FF6-A6BA-6FF81B71BAA1}"
EndProject
Global
	GlobalSection(SolutionConfigurationPlatforms) = preSolution
		Debug|Any CPU = Debug|Any CPU
		Release|Any CPU = Release|Any CPU
	EndGlobalSection
	GlobalSection(ProjectConfigurationPlatforms) = postSolution
		{660513C3-2489-40FB-A12D-676F3A23E4A6}.Debug|Any CPU.ActiveCfg = Debug|Any CPU
		{660513C3-2489-40FB-A12D-676F3A23E4A6}.Debug|Any CPU.Build.0 = Debug|Any CPU
		{660513C3-2489-40FB-A12D-676F3A23E4A6}.Release|Any CPU.ActiveCfg = Release|Any CPU
		{660513C3-2489-40FB-A12D-676F3A23E4A6}.Release|Any CPU.Build.0 = Release|Any CPU
		{DB71E4E2-2641-4987-AE4D-815394626D52}.Debug|Any CPU.ActiveCfg = Debug|Any CPU
		{DB71E4E2-2641-4987-AE4D-815394626D52}.Debug|Any CPU.Build.0 = Debug|Any CPU
		{DB71E4E2-2641-4987-AE4D-815394626D52}.Release|Any CPU.ActiveCfg = Release|Any CPU
		{DB71E4E2-2641-4987-AE4D-815394626D52}.Release|Any CPU.Build.0 = Release|Any CPU
		{B4F7C0F4-3E74-4B7B-A4B3-5917E65742FF}.Debug|Any CPU.ActiveCfg = Debug|Any CPU
		{B4F7C0F4-3E74-4B7B-A4B3-5917E65742FF}.Debug|Any CPU.Build.0 = Debug|Any CPU
		{B4F7C0F4-3E74-4B7B-A4B3-5917E65742FF}.Release|Any CPU.ActiveCfg = Release|Any CPU
		{B4F7C0F4-3E74-4B7B-A4B3-5917E65742FF}.Release|Any CPU.Build.0 = Release|Any CPU
		{97B7A0D7-58A6-4EF8-A743-EBFFAC8200E0}.Debug|Any CPU.ActiveCfg = Debug|Any CPU
		{97B7A0D7-58A6-4EF8-A743-EBFFAC8200E0}.Debug|Any CPU.Build.0 = Debug|Any CPU
		{97B7A0D7-58A6-4EF8-A743-EBFFAC8200E0}.Release|Any CPU.ActiveCfg = Release|Any CPU
		{97B7A0D7-58A6-4EF8-A743-EBFFAC8200E0}.Release|Any CPU.Build.0 = Release|Any CPU
		{5DECB445-261B-4CFE-BEA7-2A7250AF447A}.Debug|Any CPU.ActiveCfg = Debug|Any CPU
		{5DECB445-261B-4CFE-BEA7-2A7250AF447A}.Debug|Any CPU.Build.0 = Debug|Any CPU
		{5DECB445-261B-4CFE-BEA7-2A7250AF447A}.Release|Any CPU.ActiveCfg = Release|Any CPU
		{5DECB445-261B-4CFE-BEA7-2A7250AF447A}.Release|Any CPU.Build.0 = Release|Any CPU
		{F34521C5-3E84-4750-8317-4FCC8FFA4B50}.Debug|Any CPU.ActiveCfg = Debug|Any CPU
		{F34521C5-3E84-4750-8317-4FCC8FFA4B50}.Debug|Any CPU.Build.0 = Debug|Any CPU
		{F34521C5-3E84-4750-8317-4FCC8FFA4B50}.Release|Any CPU.ActiveCfg = Release|Any CPU
		{F34521C5-3E84-4750-8317-4FCC8FFA4B50}.Release|Any CPU.Build.0 = Release|Any CPU
		{C436416A-8750-4FF6-A6BA-6FF81B71BAA1}.Debug|Any CPU.ActiveCfg = Debug|Any CPU
		{C436416A-8750-4FF6-A6BA-6FF81B71BAA1}.Debug|Any CPU.Build.0 = Debug|Any CPU
		{C436416A-8750-4FF6-A6BA-6FF81B71BAA1}.Release|Any CPU.ActiveCfg = Release|Any CPU
		{C436416A-8750-4FF6-A6BA-6FF81B71BAA1}.Release|Any CPU.Build.0 = Release|Any CPU
	EndGlobalSection
	GlobalSection(SolutionProperties) = preSolution
		HideSolutionNode = FALSE
	EndGlobalSection
	GlobalSection(NestedProjects) = preSolution
		{660513C3-2489-40FB-A12D-676F3A23E4A6} = {153C294F-4660-4104-B58A-F8A6F9D659FA}
		{207F411B-6910-4F8B-90FA-E23FCF26C25D} = {CC5F1534-D3E1-482E-A727-38C68A13AF83}
		{DB71E4E2-2641-4987-AE4D-815394626D52} = {207F411B-6910-4F8B-90FA-E23FCF26C25D}
		{B4F7C0F4-3E74-4B7B-A4B3-5917E65742FF} = {956E4950-FA6A-4EA6-9304-25B43CB901D9}
		{97B7A0D7-58A6-4EF8-A743-EBFFAC8200E0} = {BB8DB26E-4B14-4667-89E1-14357069968E}
		{5DECB445-261B-4CFE-BEA7-2A7250AF447A} = {207F411B-6910-4F8B-90FA-E23FCF26C25D}
		{F34521C5-3E84-4750-8317-4FCC8FFA4B50} = {B4ED50DE-E0C9-4477-9FDB-0A0ACF9D0A17}
		{C436416A-8750-4FF6-A6BA-6FF81B71BAA1} = {B4ED50DE-E0C9-4477-9FDB-0A0ACF9D0A17}
	EndGlobalSection
	GlobalSection(ExtensibilityGlobals) = postSolution
		SolutionGuid = {A17376EC-AA8A-4F60-9554-2341E5F7E61B}
	EndGlobalSection
EndGlobal
